
Microsoft Visual Studio Solution File, Format Version 12.00
Project("{FAE04EC0-301F-11D3-BF4B-00C04F79EFBC}") = "SimpleWebApi", "SimpleWebApi\SimpleWebApi.csproj", "{750514DC-6458-405D-856C-6D71B8A88015}"
EndProject
Global
	GlobalSection(SolutionConfigurationPlatforms) = preSolution
		Debug|Any CPU = Debug|Any CPU
		Release|Any CPU = Release|Any CPU
	EndGlobalSection
	GlobalSection(ProjectConfigurationPlatforms) = postSolution
		{750514DC-6458-405D-856C-6D71B8A88015}.Debug|Any CPU.ActiveCfg = Debug|Any CPU
		{750514DC-6458-405D-856C-6D71B8A88015}.Debug|Any CPU.Build.0 = Debug|Any CPU
		{750514DC-6458-405D-856C-6D71B8A88015}.Release|Any CPU.ActiveCfg = Release|Any CPU
		{750514DC-6458-405D-856C-6D71B8A88015}.Release|Any CPU.Build.0 = Release|Any CPU
	EndGlobalSection
EndGlobal
