
Microsoft Visual Studio Solution File, Format Version 12.00
# Visual Studio Version 17
VisualStudioVersion = 17.0.31903.59
MinimumVisualStudioVersion = 10.0.40219.1
Project("{2150E333-8FDC-42A3-9474-1A3956D46DE8}") = "src", "src", "{F5D3CF96-E582-4262-90C5-383ACA2F9F51}"
EndProject
Project("{FAE04EC0-301F-11D3-BF4B-00C04F79EFBC}") = "CdkS3Blazor", "src\CdkS3Blazor\CdkS3Blazor.csproj", "{5F26BDF5-5084-401E-8861-6CC179727F1E}"
EndProject
Project("{FAE04EC0-301F-11D3-BF4B-00C04F79EFBC}") = "BlazorWasm", "BlazorWasm\BlazorWasm.csproj", "{DCB7845E-F1DE-447E-9CAE-0E98FB768EC0}"
EndProject
Global
	GlobalSection(SolutionConfigurationPlatforms) = preSolution
		Debug|Any CPU = Debug|Any CPU
		Release|Any CPU = Release|Any CPU
	EndGlobalSection
	GlobalSection(SolutionProperties) = preSolution
		HideSolutionNode = FALSE
	EndGlobalSection
	GlobalSection(ProjectConfigurationPlatforms) = postSolution
		{5F26BDF5-5084-401E-8861-6CC179727F1E}.Debug|Any CPU.ActiveCfg = Debug|Any CPU
		{5F26BDF5-5084-401E-8861-6CC179727F1E}.Debug|Any CPU.Build.0 = Debug|Any CPU
		{5F26BDF5-5084-401E-8861-6CC179727F1E}.Release|Any CPU.ActiveCfg = Release|Any CPU
		{5F26BDF5-5084-401E-8861-6CC179727F1E}.Release|Any CPU.Build.0 = Release|Any CPU
		{DCB7845E-F1DE-447E-9CAE-0E98FB768EC0}.Debug|Any CPU.ActiveCfg = Debug|Any CPU
		{DCB7845E-F1DE-447E-9CAE-0E98FB768EC0}.Debug|Any CPU.Build.0 = Debug|Any CPU
		{DCB7845E-F1DE-447E-9CAE-0E98FB768EC0}.Release|Any CPU.ActiveCfg = Release|Any CPU
		{DCB7845E-F1DE-447E-9CAE-0E98FB768EC0}.Release|Any CPU.Build.0 = Release|Any CPU
	EndGlobalSection
	GlobalSection(NestedProjects) = preSolution
		{5F26BDF5-5084-401E-8861-6CC179727F1E} = {F5D3CF96-E582-4262-90C5-383ACA2F9F51}
	EndGlobalSection
EndGlobal
