
Microsoft Visual Studio Solution File, Format Version 12.00
# Visual Studio Version 17
VisualStudioVersion = 17.0.31903.59
MinimumVisualStudioVersion = 10.0.40219.1
Project("{2150E333-8FDC-42A3-9474-1A3956D46DE8}") = "src", "src", "{07B62FAB-3BDB-4787-BBEE-135D6B70D1AC}"
EndProject
Project("{FAE04EC0-301F-11D3-BF4B-00C04F79EFBC}") = "CdkAiRelated", "CdkAiRelated\CdkAiRelated.csproj", "{2B51610C-05D6-4B3B-A6E5-D941ECA170F1}"
EndProject
Project("{FAE04EC0-301F-11D3-BF4B-00C04F79EFBC}") = "LambdaBedrock", "LambdaBedrock\LambdaBedrock.csproj", "{6B6CBD17-85F7-4A8E-8FC2-DB6C5DF9A05B}"
EndProject
Project("{FAE04EC0-301F-11D3-BF4B-00C04F79EFBC}") = "OpenAiApp", "OpenAiApp\OpenAiApp.csproj", "{99F1DA5C-5B12-4B02-A2F5-28E237C7B0EE}"
EndProject
Project("{2150E333-8FDC-42A3-9474-1A3956D46DE8}") = "HelloWorldLambda", "HelloWorldLambda", "{08373124-8125-4BF9-A6CA-88FBB09FAAF1}"
EndProject
Project("{2150E333-8FDC-42A3-9474-1A3956D46DE8}") = "src", "src", "{007BC729-9570-4EC3-9EEF-17D71D74C143}"
EndProject
Project("{FAE04EC0-301F-11D3-BF4B-00C04F79EFBC}") = "HelloWorldLambda", "HelloWorldLambda\src\HelloWorldLambda\HelloWorldLambda.csproj", "{1561082C-4A1A-4AB3-941F-9179336D670F}"
EndProject
Project("{2150E333-8FDC-42A3-9474-1A3956D46DE8}") = "test", "test", "{8ED38C4B-5E25-4779-A882-30276EDA0745}"
EndProject
Project("{FAE04EC0-301F-11D3-BF4B-00C04F79EFBC}") = "HelloWorldLambda.Tests", "HelloWorldLambda\test\HelloWorldLambda.Tests\HelloWorldLambda.Tests.csproj", "{3D33285C-87DE-47E9-B33D-20C1B1527DF0}"
EndProject
Project("{FAE04EC0-301F-11D3-BF4B-00C04F79EFBC}") = "Common", "Common\Common.csproj", "{213D277F-A479-4EC0-A153-8BC99C3BA809}"
EndProject
Project("{FAE04EC0-301F-11D3-BF4B-00C04F79EFBC}") = "LambdaConnectLex", "LambdaConnectLex\src\LambdaConnectLex\LambdaConnectLex.csproj", "{255290C3-719D-432E-BF8A-2DD6525E740E}"
EndProject
Project("{2150E333-8FDC-42A3-9474-1A3956D46DE8}") = "LambdaConnectLex", "LambdaConnectLex", "{80456D5A-1216-4CBB-8D9E-F59A827209CE}"
EndProject
Project("{2150E333-8FDC-42A3-9474-1A3956D46DE8}") = "test", "test", "{564EC500-78EE-4D63-A371-730A24C3A5FF}"
EndProject
Project("{FAE04EC0-301F-11D3-BF4B-00C04F79EFBC}") = "LambdaConnectLex.Tests", "LambdaConnectLex\test\LambdaConnectLex.Tests\LambdaConnectLex.Tests.csproj", "{8C53B1FA-38C1-4DB3-BD51-C28E78C58FD6}"
EndProject
Global
	GlobalSection(SolutionConfigurationPlatforms) = preSolution
		Debug|Any CPU = Debug|Any CPU
		Release|Any CPU = Release|Any CPU
	EndGlobalSection
	GlobalSection(SolutionProperties) = preSolution
		HideSolutionNode = FALSE
	EndGlobalSection
	GlobalSection(ProjectConfigurationPlatforms) = postSolution
		{2B51610C-05D6-4B3B-A6E5-D941ECA170F1}.Debug|Any CPU.ActiveCfg = Debug|Any CPU
		{2B51610C-05D6-4B3B-A6E5-D941ECA170F1}.Debug|Any CPU.Build.0 = Debug|Any CPU
		{2B51610C-05D6-4B3B-A6E5-D941ECA170F1}.Release|Any CPU.ActiveCfg = Release|Any CPU
		{2B51610C-05D6-4B3B-A6E5-D941ECA170F1}.Release|Any CPU.Build.0 = Release|Any CPU
		{6B6CBD17-85F7-4A8E-8FC2-DB6C5DF9A05B}.Debug|Any CPU.ActiveCfg = Debug|Any CPU
		{6B6CBD17-85F7-4A8E-8FC2-DB6C5DF9A05B}.Debug|Any CPU.Build.0 = Debug|Any CPU
		{6B6CBD17-85F7-4A8E-8FC2-DB6C5DF9A05B}.Release|Any CPU.ActiveCfg = Release|Any CPU
		{6B6CBD17-85F7-4A8E-8FC2-DB6C5DF9A05B}.Release|Any CPU.Build.0 = Release|Any CPU
		{99F1DA5C-5B12-4B02-A2F5-28E237C7B0EE}.Debug|Any CPU.ActiveCfg = Debug|Any CPU
		{99F1DA5C-5B12-4B02-A2F5-28E237C7B0EE}.Debug|Any CPU.Build.0 = Debug|Any CPU
		{99F1DA5C-5B12-4B02-A2F5-28E237C7B0EE}.Release|Any CPU.ActiveCfg = Release|Any CPU
		{99F1DA5C-5B12-4B02-A2F5-28E237C7B0EE}.Release|Any CPU.Build.0 = Release|Any CPU
		{1561082C-4A1A-4AB3-941F-9179336D670F}.Debug|Any CPU.ActiveCfg = Debug|Any CPU
		{1561082C-4A1A-4AB3-941F-9179336D670F}.Debug|Any CPU.Build.0 = Debug|Any CPU
		{1561082C-4A1A-4AB3-941F-9179336D670F}.Release|Any CPU.ActiveCfg = Release|Any CPU
		{1561082C-4A1A-4AB3-941F-9179336D670F}.Release|Any CPU.Build.0 = Release|Any CPU
		{3D33285C-87DE-47E9-B33D-20C1B1527DF0}.Debug|Any CPU.ActiveCfg = Debug|Any CPU
		{3D33285C-87DE-47E9-B33D-20C1B1527DF0}.Debug|Any CPU.Build.0 = Debug|Any CPU
		{3D33285C-87DE-47E9-B33D-20C1B1527DF0}.Release|Any CPU.ActiveCfg = Release|Any CPU
		{3D33285C-87DE-47E9-B33D-20C1B1527DF0}.Release|Any CPU.Build.0 = Release|Any CPU
		{213D277F-A479-4EC0-A153-8BC99C3BA809}.Debug|Any CPU.ActiveCfg = Debug|Any CPU
		{213D277F-A479-4EC0-A153-8BC99C3BA809}.Debug|Any CPU.Build.0 = Debug|Any CPU
		{213D277F-A479-4EC0-A153-8BC99C3BA809}.Release|Any CPU.ActiveCfg = Release|Any CPU
		{213D277F-A479-4EC0-A153-8BC99C3BA809}.Release|Any CPU.Build.0 = Release|Any CPU
		{255290C3-719D-432E-BF8A-2DD6525E740E}.Debug|Any CPU.ActiveCfg = Debug|Any CPU
		{255290C3-719D-432E-BF8A-2DD6525E740E}.Debug|Any CPU.Build.0 = Debug|Any CPU
		{255290C3-719D-432E-BF8A-2DD6525E740E}.Release|Any CPU.ActiveCfg = Release|Any CPU
		{255290C3-719D-432E-BF8A-2DD6525E740E}.Release|Any CPU.Build.0 = Release|Any CPU
		{8C53B1FA-38C1-4DB3-BD51-C28E78C58FD6}.Debug|Any CPU.ActiveCfg = Debug|Any CPU
		{8C53B1FA-38C1-4DB3-BD51-C28E78C58FD6}.Debug|Any CPU.Build.0 = Debug|Any CPU
		{8C53B1FA-38C1-4DB3-BD51-C28E78C58FD6}.Release|Any CPU.ActiveCfg = Release|Any CPU
		{8C53B1FA-38C1-4DB3-BD51-C28E78C58FD6}.Release|Any CPU.Build.0 = Release|Any CPU
	EndGlobalSection
	GlobalSection(NestedProjects) = preSolution
		{007BC729-9570-4EC3-9EEF-17D71D74C143} = {08373124-8125-4BF9-A6CA-88FBB09FAAF1}
		{1561082C-4A1A-4AB3-941F-9179336D670F} = {007BC729-9570-4EC3-9EEF-17D71D74C143}
		{8ED38C4B-5E25-4779-A882-30276EDA0745} = {08373124-8125-4BF9-A6CA-88FBB09FAAF1}
		{3D33285C-87DE-47E9-B33D-20C1B1527DF0} = {8ED38C4B-5E25-4779-A882-30276EDA0745}
		{564EC500-78EE-4D63-A371-730A24C3A5FF} = {80456D5A-1216-4CBB-8D9E-F59A827209CE}
		{8C53B1FA-38C1-4DB3-BD51-C28E78C58FD6} = {564EC500-78EE-4D63-A371-730A24C3A5FF}
	EndGlobalSection
EndGlobal
