
Microsoft Visual Studio Solution File, Format Version 12.00
# Visual Studio Version 17
VisualStudioVersion = 17.0.31903.59
MinimumVisualStudioVersion = 10.0.40219.1
Project("{FAE04EC0-301F-11D3-BF4B-00C04F79EFBC}") = "ServerlessApi", "ServerlessApi\ServerlessApi.csproj", "{9BFCA264-2614-4525-BD4F-D0EF9728735E}"
EndProject
Project("{2150E333-8FDC-42A3-9474-1A3956D46DE8}") = "src", "src", "{07B62FAB-3BDB-4787-BBEE-135D6B70D1AC}"
EndProject
Project("{FAE04EC0-301F-11D3-BF4B-00C04F79EFBC}") = "CdkLambdaAspNetCore", "src\CdkLambdaAspNetCore\CdkLambdaAspNetCore.csproj", "{56E3C4D2-77CE-4534-88AD-C07FC535A343}"
EndProject
Global
	GlobalSection(SolutionConfigurationPlatforms) = preSolution
		Debug|Any CPU = Debug|Any CPU
		Release|Any CPU = Release|Any CPU
	EndGlobalSection
	GlobalSection(SolutionProperties) = preSolution
		HideSolutionNode = FALSE
	EndGlobalSection
	GlobalSection(ProjectConfigurationPlatforms) = postSolution
		{9BFCA264-2614-4525-BD4F-D0EF9728735E}.Debug|Any CPU.ActiveCfg = Debug|Any CPU
		{9BFCA264-2614-4525-BD4F-D0EF9728735E}.Debug|Any CPU.Build.0 = Debug|Any CPU
		{9BFCA264-2614-4525-BD4F-D0EF9728735E}.Release|Any CPU.ActiveCfg = Release|Any CPU
		{9BFCA264-2614-4525-BD4F-D0EF9728735E}.Release|Any CPU.Build.0 = Release|Any CPU
		{56E3C4D2-77CE-4534-88AD-C07FC535A343}.Debug|Any CPU.ActiveCfg = Debug|Any CPU
		{56E3C4D2-77CE-4534-88AD-C07FC535A343}.Debug|Any CPU.Build.0 = Debug|Any CPU
		{56E3C4D2-77CE-4534-88AD-C07FC535A343}.Release|Any CPU.ActiveCfg = Release|Any CPU
		{56E3C4D2-77CE-4534-88AD-C07FC535A343}.Release|Any CPU.Build.0 = Release|Any CPU
	EndGlobalSection
	GlobalSection(NestedProjects) = preSolution
		{56E3C4D2-77CE-4534-88AD-C07FC535A343} = {07B62FAB-3BDB-4787-BBEE-135D6B70D1AC}
	EndGlobalSection
EndGlobal
