
Microsoft Visual Studio Solution File, Format Version 12.00
# Visual Studio Version 17
VisualStudioVersion = 17.5.002.0
MinimumVisualStudioVersion = 10.0.40219.1
Project("{9A19103F-16F7-4668-BE54-9A1E7A4F7556}") = "MyAzureWebApp", "src\MyAzureWebApp.csproj", "{DE3A96D3-2C94-4AFA-939D-F61AA63A3102}"
EndProject
Global
	GlobalSection(SolutionConfigurationPlatforms) = preSolution
		Debug|Any CPU = Debug|Any CPU
		Release|Any CPU = Release|Any CPU
	EndGlobalSection
	GlobalSection(ProjectConfigurationPlatforms) = postSolution
		{DE3A96D3-2C94-4AFA-939D-F61AA63A3102}.Debug|Any CPU.ActiveCfg = Debug|Any CPU
		{DE3A96D3-2C94-4AFA-939D-F61AA63A3102}.Debug|Any CPU.Build.0 = Debug|Any CPU
		{DE3A96D3-2C94-4AFA-939D-F61AA63A3102}.Release|Any CPU.ActiveCfg = Release|Any CPU
		{DE3A96D3-2C94-4AFA-939D-F61AA63A3102}.Release|Any CPU.Build.0 = Release|Any CPU
	EndGlobalSection
	GlobalSection(SolutionProperties) = preSolution
		HideSolutionNode = FALSE
	EndGlobalSection
	GlobalSection(ExtensibilityGlobals) = postSolution
		SolutionGuid = {11F1255E-831A-497A-A97C-4826F75969B9}
	EndGlobalSection
EndGlobal
