
Microsoft Visual Studio Solution File, Format Version 12.00
# Visual Studio Version 17
VisualStudioVersion = 17.5.002.0
MinimumVisualStudioVersion = 10.0.40219.1
Project("{9A19103F-16F7-4668-BE54-9A1E7A4F7556}") = "CliBlazor", "CliBlazor.csproj", "{F9F856AA-39F1-4203-A8E5-574DA2A7C98E}"
EndProject
Global
	GlobalSection(SolutionConfigurationPlatforms) = preSolution
		Debug|Any CPU = Debug|Any CPU
		Release|Any CPU = Release|Any CPU
	EndGlobalSection
	GlobalSection(ProjectConfigurationPlatforms) = postSolution
		{F9F856AA-39F1-4203-A8E5-574DA2A7C98E}.Debug|Any CPU.ActiveCfg = Debug|Any CPU
		{F9F856AA-39F1-4203-A8E5-574DA2A7C98E}.Debug|Any CPU.Build.0 = Debug|Any CPU
		{F9F856AA-39F1-4203-A8E5-574DA2A7C98E}.Release|Any CPU.ActiveCfg = Release|Any CPU
		{F9F856AA-39F1-4203-A8E5-574DA2A7C98E}.Release|Any CPU.Build.0 = Release|Any CPU
	EndGlobalSection
	GlobalSection(SolutionProperties) = preSolution
		HideSolutionNode = FALSE
	EndGlobalSection
	GlobalSection(ExtensibilityGlobals) = postSolution
		SolutionGuid = {7FF439A0-2E85-4455-92B0-AAC0FDAF92DD}
	EndGlobalSection
EndGlobal
