
Microsoft Visual Studio Solution File, Format Version 12.00
Project("{FAE04EC0-301F-11D3-BF4B-00C04F79EFBC}") = "BlazorWasmHosted.Server", "Server\BlazorWasmHosted.Server.csproj", "{D7A2D5CF-D565-4485-A6A3-985ABEC7BB92}"
EndProject
Project("{FAE04EC0-301F-11D3-BF4B-00C04F79EFBC}") = "BlazorWasmHosted.Client", "Client\BlazorWasmHosted.Client.csproj", "{A0D2F3D3-E6BC-4EA3-8183-C521CA375DEB}"
EndProject
Project("{FAE04EC0-301F-11D3-BF4B-00C04F79EFBC}") = "BlazorWasmHosted.Shared", "Shared\BlazorWasmHosted.Shared.csproj", "{D92E489C-BCD5-43AE-A68A-294E1D55A8E6}"
EndProject
Global
	GlobalSection(SolutionConfigurationPlatforms) = preSolution
		Debug|Any CPU = Debug|Any CPU
		Release|Any CPU = Release|Any CPU
	EndGlobalSection
	GlobalSection(ProjectConfigurationPlatforms) = postSolution
		{D7A2D5CF-D565-4485-A6A3-985ABEC7BB92}.Debug|Any CPU.ActiveCfg = Debug|Any CPU
		{D7A2D5CF-D565-4485-A6A3-985ABEC7BB92}.Debug|Any CPU.Build.0 = Debug|Any CPU
		{D7A2D5CF-D565-4485-A6A3-985ABEC7BB92}.Release|Any CPU.ActiveCfg = Release|Any CPU
		{D7A2D5CF-D565-4485-A6A3-985ABEC7BB92}.Release|Any CPU.Build.0 = Release|Any CPU
		{A0D2F3D3-E6BC-4EA3-8183-C521CA375DEB}.Debug|Any CPU.ActiveCfg = Debug|Any CPU
		{A0D2F3D3-E6BC-4EA3-8183-C521CA375DEB}.Debug|Any CPU.Build.0 = Debug|Any CPU
		{A0D2F3D3-E6BC-4EA3-8183-C521CA375DEB}.Release|Any CPU.ActiveCfg = Release|Any CPU
		{A0D2F3D3-E6BC-4EA3-8183-C521CA375DEB}.Release|Any CPU.Build.0 = Release|Any CPU
		{D92E489C-BCD5-43AE-A68A-294E1D55A8E6}.Debug|Any CPU.ActiveCfg = Debug|Any CPU
		{D92E489C-BCD5-43AE-A68A-294E1D55A8E6}.Debug|Any CPU.Build.0 = Debug|Any CPU
		{D92E489C-BCD5-43AE-A68A-294E1D55A8E6}.Release|Any CPU.ActiveCfg = Release|Any CPU
		{D92E489C-BCD5-43AE-A68A-294E1D55A8E6}.Release|Any CPU.Build.0 = Release|Any CPU
	EndGlobalSection
EndGlobal
