
Microsoft Visual Studio Solution File, Format Version 12.00
Project("{FAE04EC0-301F-11D3-BF4B-00C04F79EFBC}") = "MvcMovie", "MvcMovie\MvcMovie.csproj", "{8109A7F1-BC80-4D2F-A02C-98B86E44A3EB}"
EndProject
Global
	GlobalSection(SolutionConfigurationPlatforms) = preSolution
		Debug|Any CPU = Debug|Any CPU
		Release|Any CPU = Release|Any CPU
	EndGlobalSection
	GlobalSection(ProjectConfigurationPlatforms) = postSolution
		{8109A7F1-BC80-4D2F-A02C-98B86E44A3EB}.Debug|Any CPU.ActiveCfg = Debug|Any CPU
		{8109A7F1-BC80-4D2F-A02C-98B86E44A3EB}.Debug|Any CPU.Build.0 = Debug|Any CPU
		{8109A7F1-BC80-4D2F-A02C-98B86E44A3EB}.Release|Any CPU.ActiveCfg = Release|Any CPU
		{8109A7F1-BC80-4D2F-A02C-98B86E44A3EB}.Release|Any CPU.Build.0 = Release|Any CPU
	EndGlobalSection
EndGlobal
