
Microsoft Visual Studio Solution File, Format Version 12.00
# Visual Studio Version 17
VisualStudioVersion = 17.0.31903.59
MinimumVisualStudioVersion = 10.0.40219.1
Project("{2150E333-8FDC-42A3-9474-1A3956D46DE8}") = "WebApi", "WebApi", "{A11EE143-CE7E-4164-8544-D3749AC16165}"
EndProject
Project("{FAE04EC0-301F-11D3-BF4B-00C04F79EFBC}") = "WebApi", "WebApi\WebApi\WebApi.csproj", "{47D0FF06-D63F-4890-9A57-B95CCB9C8647}"
EndProject
Project("{FAE04EC0-301F-11D3-BF4B-00C04F79EFBC}") = "WebApi.Test.Unit", "WebApi\WebApi.Test.Unit\WebApi.Test.Unit.csproj", "{E40EA55B-18F6-481A-A7CC-D0C61D13DF3C}"
EndProject
Project("{2150E333-8FDC-42A3-9474-1A3956D46DE8}") = "cdk-bastion", "cdk-bastion", "{78D8F194-17F9-49A7-A437-F96D40B6847D}"
EndProject
Project("{2150E333-8FDC-42A3-9474-1A3956D46DE8}") = "src", "src", "{D7846FDB-AA5B-4579-968E-CC6FC1A21168}"
EndProject
Project("{FAE04EC0-301F-11D3-BF4B-00C04F79EFBC}") = "CdkBastion", "cdk-bastion\src\CdkBastion\CdkBastion.csproj", "{5F7AEDE3-B1F9-43C1-9300-F94B082BE67F}"
EndProject
Global
	GlobalSection(SolutionConfigurationPlatforms) = preSolution
		Debug|Any CPU = Debug|Any CPU
		Release|Any CPU = Release|Any CPU
	EndGlobalSection
	GlobalSection(SolutionProperties) = preSolution
		HideSolutionNode = FALSE
	EndGlobalSection
	GlobalSection(ProjectConfigurationPlatforms) = postSolution
		{47D0FF06-D63F-4890-9A57-B95CCB9C8647}.Debug|Any CPU.ActiveCfg = Debug|Any CPU
		{47D0FF06-D63F-4890-9A57-B95CCB9C8647}.Debug|Any CPU.Build.0 = Debug|Any CPU
		{47D0FF06-D63F-4890-9A57-B95CCB9C8647}.Release|Any CPU.ActiveCfg = Release|Any CPU
		{47D0FF06-D63F-4890-9A57-B95CCB9C8647}.Release|Any CPU.Build.0 = Release|Any CPU
		{E40EA55B-18F6-481A-A7CC-D0C61D13DF3C}.Debug|Any CPU.ActiveCfg = Debug|Any CPU
		{E40EA55B-18F6-481A-A7CC-D0C61D13DF3C}.Debug|Any CPU.Build.0 = Debug|Any CPU
		{E40EA55B-18F6-481A-A7CC-D0C61D13DF3C}.Release|Any CPU.ActiveCfg = Release|Any CPU
		{E40EA55B-18F6-481A-A7CC-D0C61D13DF3C}.Release|Any CPU.Build.0 = Release|Any CPU
		{5F7AEDE3-B1F9-43C1-9300-F94B082BE67F}.Debug|Any CPU.ActiveCfg = Debug|Any CPU
		{5F7AEDE3-B1F9-43C1-9300-F94B082BE67F}.Debug|Any CPU.Build.0 = Debug|Any CPU
		{5F7AEDE3-B1F9-43C1-9300-F94B082BE67F}.Release|Any CPU.ActiveCfg = Release|Any CPU
		{5F7AEDE3-B1F9-43C1-9300-F94B082BE67F}.Release|Any CPU.Build.0 = Release|Any CPU
	EndGlobalSection
	GlobalSection(NestedProjects) = preSolution
		{47D0FF06-D63F-4890-9A57-B95CCB9C8647} = {A11EE143-CE7E-4164-8544-D3749AC16165}
		{E40EA55B-18F6-481A-A7CC-D0C61D13DF3C} = {A11EE143-CE7E-4164-8544-D3749AC16165}
		{D7846FDB-AA5B-4579-968E-CC6FC1A21168} = {78D8F194-17F9-49A7-A437-F96D40B6847D}
		{5F7AEDE3-B1F9-43C1-9300-F94B082BE67F} = {D7846FDB-AA5B-4579-968E-CC6FC1A21168}
	EndGlobalSection
EndGlobal
