
Microsoft Visual Studio Solution File, Format Version 12.00
Project("{FAE04EC0-301F-11D3-BF4B-00C04F79EFBC}") = "MvcWithApi", "MvcWithApi\MvcWithApi.csproj", "{A572E9CB-1383-4650-B169-DD59A8FF4A31}"
EndProject
Global
	GlobalSection(SolutionConfigurationPlatforms) = preSolution
		Debug|Any CPU = Debug|Any CPU
		Release|Any CPU = Release|Any CPU
	EndGlobalSection
	GlobalSection(ProjectConfigurationPlatforms) = postSolution
		{A572E9CB-1383-4650-B169-DD59A8FF4A31}.Debug|Any CPU.ActiveCfg = Debug|Any CPU
		{A572E9CB-1383-4650-B169-DD59A8FF4A31}.Debug|Any CPU.Build.0 = Debug|Any CPU
		{A572E9CB-1383-4650-B169-DD59A8FF4A31}.Release|Any CPU.ActiveCfg = Release|Any CPU
		{A572E9CB-1383-4650-B169-DD59A8FF4A31}.Release|Any CPU.Build.0 = Release|Any CPU
	EndGlobalSection
EndGlobal
