
Microsoft Visual Studio Solution File, Format Version 12.00
# Visual Studio Version 17
VisualStudioVersion = 17.0.31903.59
MinimumVisualStudioVersion = 10.0.40219.1
Project("{FAE04EC0-301F-11D3-BF4B-00C04F79EFBC}") = "Cdk", "Cdk\Cdk.csproj", "{2748FBDF-7819-41D6-8A0B-D4EEEEDB111E}"
EndProject
Project("{FAE04EC0-301F-11D3-BF4B-00C04F79EFBC}") = "ServerlessApi", "ServerlessApi\ServerlessApi.csproj", "{64D3D668-66C9-4C72-A8FC-B5FC193136C0}"
EndProject
Project("{FAE04EC0-301F-11D3-BF4B-00C04F79EFBC}") = "Web", "Web\Web.csproj", "{73166587-59A8-4F68-B545-648EC4BF2712}"
EndProject
Project("{FAE04EC0-301F-11D3-BF4B-00C04F79EFBC}") = "Blazor", "Blazor\Blazor.csproj", "{BB24623E-5F6D-49A8-9E0B-4EEED811EC80}"
EndProject
Global
	GlobalSection(SolutionConfigurationPlatforms) = preSolution
		Debug|Any CPU = Debug|Any CPU
		Release|Any CPU = Release|Any CPU
	EndGlobalSection
	GlobalSection(SolutionProperties) = preSolution
		HideSolutionNode = FALSE
	EndGlobalSection
	GlobalSection(ProjectConfigurationPlatforms) = postSolution
		{2748FBDF-7819-41D6-8A0B-D4EEEEDB111E}.Debug|Any CPU.ActiveCfg = Debug|Any CPU
		{2748FBDF-7819-41D6-8A0B-D4EEEEDB111E}.Debug|Any CPU.Build.0 = Debug|Any CPU
		{2748FBDF-7819-41D6-8A0B-D4EEEEDB111E}.Release|Any CPU.ActiveCfg = Release|Any CPU
		{2748FBDF-7819-41D6-8A0B-D4EEEEDB111E}.Release|Any CPU.Build.0 = Release|Any CPU
		{64D3D668-66C9-4C72-A8FC-B5FC193136C0}.Debug|Any CPU.ActiveCfg = Debug|Any CPU
		{64D3D668-66C9-4C72-A8FC-B5FC193136C0}.Debug|Any CPU.Build.0 = Debug|Any CPU
		{64D3D668-66C9-4C72-A8FC-B5FC193136C0}.Release|Any CPU.ActiveCfg = Release|Any CPU
		{64D3D668-66C9-4C72-A8FC-B5FC193136C0}.Release|Any CPU.Build.0 = Release|Any CPU
		{73166587-59A8-4F68-B545-648EC4BF2712}.Debug|Any CPU.ActiveCfg = Debug|Any CPU
		{73166587-59A8-4F68-B545-648EC4BF2712}.Debug|Any CPU.Build.0 = Debug|Any CPU
		{73166587-59A8-4F68-B545-648EC4BF2712}.Release|Any CPU.ActiveCfg = Release|Any CPU
		{73166587-59A8-4F68-B545-648EC4BF2712}.Release|Any CPU.Build.0 = Release|Any CPU
		{BB24623E-5F6D-49A8-9E0B-4EEED811EC80}.Debug|Any CPU.ActiveCfg = Debug|Any CPU
		{BB24623E-5F6D-49A8-9E0B-4EEED811EC80}.Debug|Any CPU.Build.0 = Debug|Any CPU
		{BB24623E-5F6D-49A8-9E0B-4EEED811EC80}.Release|Any CPU.ActiveCfg = Release|Any CPU
		{BB24623E-5F6D-49A8-9E0B-4EEED811EC80}.Release|Any CPU.Build.0 = Release|Any CPU
	EndGlobalSection
EndGlobal
