
Microsoft Visual Studio Solution File, Format Version 12.00
# Visual Studio Version 17
VisualStudioVersion = 17.0.31903.59
MinimumVisualStudioVersion = 10.0.40219.1
Project("{2150E333-8FDC-42A3-9474-1A3956D46DE8}") = "src", "src", "{B4A611DE-DC57-44D7-BC81-90AECBD88A14}"
EndProject
Project("{FAE04EC0-301F-11D3-BF4B-00C04F79EFBC}") = "CdkLambdaAspNetCore", "src\CdkLambdaAspNetCore\CdkLambdaAspNetCore.csproj", "{8D020726-A516-43ED-9D06-A0A425269B34}"
EndProject
Project("{FAE04EC0-301F-11D3-BF4B-00C04F79EFBC}") = "ServerlessApi", "ServerlessApi\ServerlessApi.csproj", "{C7A7F116-4715-4F60-9163-65522D172FF3}"
EndProject
Global
	GlobalSection(SolutionConfigurationPlatforms) = preSolution
		Debug|Any CPU = Debug|Any CPU
		Release|Any CPU = Release|Any CPU
	EndGlobalSection
	GlobalSection(SolutionProperties) = preSolution
		HideSolutionNode = FALSE
	EndGlobalSection
	GlobalSection(ProjectConfigurationPlatforms) = postSolution
		{44E09404-F91F-410B-BF16-D3053EC79891}.Debug|Any CPU.ActiveCfg = Debug|Any CPU
		{44E09404-F91F-410B-BF16-D3053EC79891}.Debug|Any CPU.Build.0 = Debug|Any CPU
		{44E09404-F91F-410B-BF16-D3053EC79891}.Release|Any CPU.ActiveCfg = Release|Any CPU
		{44E09404-F91F-410B-BF16-D3053EC79891}.Release|Any CPU.Build.0 = Release|Any CPU
		{6971AE19-FA6B-42B7-A12E-5EB36B3B7F9A}.Debug|Any CPU.ActiveCfg = Debug|Any CPU
		{6971AE19-FA6B-42B7-A12E-5EB36B3B7F9A}.Debug|Any CPU.Build.0 = Debug|Any CPU
		{6971AE19-FA6B-42B7-A12E-5EB36B3B7F9A}.Release|Any CPU.ActiveCfg = Release|Any CPU
		{6971AE19-FA6B-42B7-A12E-5EB36B3B7F9A}.Release|Any CPU.Build.0 = Release|Any CPU
		{3787ACB0-ACB5-4021-BE6C-8A6D7F98E390}.Debug|Any CPU.ActiveCfg = Debug|Any CPU
		{3787ACB0-ACB5-4021-BE6C-8A6D7F98E390}.Debug|Any CPU.Build.0 = Debug|Any CPU
		{3787ACB0-ACB5-4021-BE6C-8A6D7F98E390}.Release|Any CPU.ActiveCfg = Release|Any CPU
		{3787ACB0-ACB5-4021-BE6C-8A6D7F98E390}.Release|Any CPU.Build.0 = Release|Any CPU
		{8D020726-A516-43ED-9D06-A0A425269B34}.Debug|Any CPU.ActiveCfg = Debug|Any CPU
		{8D020726-A516-43ED-9D06-A0A425269B34}.Debug|Any CPU.Build.0 = Debug|Any CPU
		{8D020726-A516-43ED-9D06-A0A425269B34}.Release|Any CPU.ActiveCfg = Release|Any CPU
		{8D020726-A516-43ED-9D06-A0A425269B34}.Release|Any CPU.Build.0 = Release|Any CPU
		{C7A7F116-4715-4F60-9163-65522D172FF3}.Debug|Any CPU.ActiveCfg = Debug|Any CPU
		{C7A7F116-4715-4F60-9163-65522D172FF3}.Debug|Any CPU.Build.0 = Debug|Any CPU
		{C7A7F116-4715-4F60-9163-65522D172FF3}.Release|Any CPU.ActiveCfg = Release|Any CPU
		{C7A7F116-4715-4F60-9163-65522D172FF3}.Release|Any CPU.Build.0 = Release|Any CPU
	EndGlobalSection
	GlobalSection(NestedProjects) = preSolution
		{44E09404-F91F-410B-BF16-D3053EC79891} = {D37EE7CD-DABB-47C4-8F72-802E07316E0C}
		{3E441214-5725-4D03-A002-E9FC78B74262} = {A508BB96-A04B-4410-81EE-F616C9AD0BBB}
		{6971AE19-FA6B-42B7-A12E-5EB36B3B7F9A} = {3E441214-5725-4D03-A002-E9FC78B74262}
		{3787ACB0-ACB5-4021-BE6C-8A6D7F98E390} = {89612A9F-0A3E-44FC-8F28-7E1F3EF0EB7C}
		{8D020726-A516-43ED-9D06-A0A425269B34} = {B4A611DE-DC57-44D7-BC81-90AECBD88A14}
	EndGlobalSection
EndGlobal
