
Microsoft Visual Studio Solution File, Format Version 12.00
# Visual Studio Version 16
VisualStudioVersion = 16.0.30002.166
MinimumVisualStudioVersion = 10.0.40219.1
Project("{FAE04EC0-301F-11D3-BF4B-00C04F79EFBC}") = "WebApi", "WebApi\WebApi.csproj", "{37953731-4F82-48D1-A9FF-78092ECC9CBB}"
EndProject
Project("{FAE04EC0-301F-11D3-BF4B-00C04F79EFBC}") = "Common.EntityModels", "Common.EntityModels\Common.EntityModels.csproj", "{4C908A37-051F-4ED9-B5CB-D6ED9098A2D7}"
EndProject
Project("{FAE04EC0-301F-11D3-BF4B-00C04F79EFBC}") = "Common", "Common\Common.csproj", "{01A1224E-9DD5-4870-A11D-038600D41CFD}"
EndProject
Project("{FAE04EC0-301F-11D3-BF4B-00C04F79EFBC}") = "Common.DataContext", "Common.DataContext\Common.DataContext.csproj", "{33F16CFC-2084-4ED7-BBCE-6FE910516463}"
EndProject
Project("{FAE04EC0-301F-11D3-BF4B-00C04F79EFBC}") = "WebApi.Service", "WebApi.Service\WebApi.Service.csproj", "{00C9CE9B-6886-4575-8D4C-B142A0FB40EF}"
EndProject
Project("{FAE04EC0-301F-11D3-BF4B-00C04F79EFBC}") = "Test.Unit", "Test.Unit\Test.Unit.csproj", "{8A020C63-001E-402B-B781-75CEF53988DA}"
EndProject
Project("{FAE04EC0-301F-11D3-BF4B-00C04F79EFBC}") = "Client.Service", "Client.Service\Client.Service.csproj", "{4E84883B-473E-40AF-9EBE-9B64DA4EA08D}"
EndProject
Project("{FAE04EC0-301F-11D3-BF4B-00C04F79EFBC}") = "Test.Integration", "Test.Integration\Test.Integration.csproj", "{F2656C2F-02DB-457F-90C4-54CFFECBD47A}"
EndProject
Project("{FAE04EC0-301F-11D3-BF4B-00C04F79EFBC}") = "Client", "Client\Client.csproj", "{63B53A0F-E1E8-4B88-A8A9-2C576987CF2B}"
EndProject
Project("{FAE04EC0-301F-11D3-BF4B-00C04F79EFBC}") = "Test.Client.Unit", "Test.Client.Unit\Test.Client.Unit.csproj", "{C84AED46-6006-4C11-B07F-9A8CA4495CB0}"
EndProject
Global
	GlobalSection(SolutionConfigurationPlatforms) = preSolution
		Debug|Any CPU = Debug|Any CPU
		Release|Any CPU = Release|Any CPU
	EndGlobalSection
	GlobalSection(ProjectConfigurationPlatforms) = postSolution
		{37953731-4F82-48D1-A9FF-78092ECC9CBB}.Debug|Any CPU.ActiveCfg = Debug|Any CPU
		{37953731-4F82-48D1-A9FF-78092ECC9CBB}.Debug|Any CPU.Build.0 = Debug|Any CPU
		{37953731-4F82-48D1-A9FF-78092ECC9CBB}.Release|Any CPU.ActiveCfg = Release|Any CPU
		{37953731-4F82-48D1-A9FF-78092ECC9CBB}.Release|Any CPU.Build.0 = Release|Any CPU
		{4C908A37-051F-4ED9-B5CB-D6ED9098A2D7}.Debug|Any CPU.ActiveCfg = Debug|Any CPU
		{4C908A37-051F-4ED9-B5CB-D6ED9098A2D7}.Debug|Any CPU.Build.0 = Debug|Any CPU
		{4C908A37-051F-4ED9-B5CB-D6ED9098A2D7}.Release|Any CPU.ActiveCfg = Release|Any CPU
		{4C908A37-051F-4ED9-B5CB-D6ED9098A2D7}.Release|Any CPU.Build.0 = Release|Any CPU
		{01A1224E-9DD5-4870-A11D-038600D41CFD}.Debug|Any CPU.ActiveCfg = Debug|Any CPU
		{01A1224E-9DD5-4870-A11D-038600D41CFD}.Debug|Any CPU.Build.0 = Debug|Any CPU
		{01A1224E-9DD5-4870-A11D-038600D41CFD}.Release|Any CPU.ActiveCfg = Release|Any CPU
		{01A1224E-9DD5-4870-A11D-038600D41CFD}.Release|Any CPU.Build.0 = Release|Any CPU
		{33F16CFC-2084-4ED7-BBCE-6FE910516463}.Debug|Any CPU.ActiveCfg = Debug|Any CPU
		{33F16CFC-2084-4ED7-BBCE-6FE910516463}.Debug|Any CPU.Build.0 = Debug|Any CPU
		{33F16CFC-2084-4ED7-BBCE-6FE910516463}.Release|Any CPU.ActiveCfg = Release|Any CPU
		{33F16CFC-2084-4ED7-BBCE-6FE910516463}.Release|Any CPU.Build.0 = Release|Any CPU
		{00C9CE9B-6886-4575-8D4C-B142A0FB40EF}.Debug|Any CPU.ActiveCfg = Debug|Any CPU
		{00C9CE9B-6886-4575-8D4C-B142A0FB40EF}.Debug|Any CPU.Build.0 = Debug|Any CPU
		{00C9CE9B-6886-4575-8D4C-B142A0FB40EF}.Release|Any CPU.ActiveCfg = Release|Any CPU
		{00C9CE9B-6886-4575-8D4C-B142A0FB40EF}.Release|Any CPU.Build.0 = Release|Any CPU
		{8A020C63-001E-402B-B781-75CEF53988DA}.Debug|Any CPU.ActiveCfg = Debug|Any CPU
		{8A020C63-001E-402B-B781-75CEF53988DA}.Debug|Any CPU.Build.0 = Debug|Any CPU
		{8A020C63-001E-402B-B781-75CEF53988DA}.Release|Any CPU.ActiveCfg = Release|Any CPU
		{8A020C63-001E-402B-B781-75CEF53988DA}.Release|Any CPU.Build.0 = Release|Any CPU
		{4E84883B-473E-40AF-9EBE-9B64DA4EA08D}.Debug|Any CPU.ActiveCfg = Debug|Any CPU
		{4E84883B-473E-40AF-9EBE-9B64DA4EA08D}.Debug|Any CPU.Build.0 = Debug|Any CPU
		{4E84883B-473E-40AF-9EBE-9B64DA4EA08D}.Release|Any CPU.ActiveCfg = Release|Any CPU
		{4E84883B-473E-40AF-9EBE-9B64DA4EA08D}.Release|Any CPU.Build.0 = Release|Any CPU
		{F2656C2F-02DB-457F-90C4-54CFFECBD47A}.Debug|Any CPU.ActiveCfg = Debug|Any CPU
		{F2656C2F-02DB-457F-90C4-54CFFECBD47A}.Debug|Any CPU.Build.0 = Debug|Any CPU
		{F2656C2F-02DB-457F-90C4-54CFFECBD47A}.Release|Any CPU.ActiveCfg = Release|Any CPU
		{F2656C2F-02DB-457F-90C4-54CFFECBD47A}.Release|Any CPU.Build.0 = Release|Any CPU
		{63B53A0F-E1E8-4B88-A8A9-2C576987CF2B}.Debug|Any CPU.ActiveCfg = Debug|Any CPU
		{63B53A0F-E1E8-4B88-A8A9-2C576987CF2B}.Debug|Any CPU.Build.0 = Debug|Any CPU
		{63B53A0F-E1E8-4B88-A8A9-2C576987CF2B}.Release|Any CPU.ActiveCfg = Release|Any CPU
		{63B53A0F-E1E8-4B88-A8A9-2C576987CF2B}.Release|Any CPU.Build.0 = Release|Any CPU
		{C84AED46-6006-4C11-B07F-9A8CA4495CB0}.Debug|Any CPU.ActiveCfg = Debug|Any CPU
		{C84AED46-6006-4C11-B07F-9A8CA4495CB0}.Debug|Any CPU.Build.0 = Debug|Any CPU
		{C84AED46-6006-4C11-B07F-9A8CA4495CB0}.Release|Any CPU.ActiveCfg = Release|Any CPU
		{C84AED46-6006-4C11-B07F-9A8CA4495CB0}.Release|Any CPU.Build.0 = Release|Any CPU
	EndGlobalSection
	GlobalSection(SolutionProperties) = preSolution
		HideSolutionNode = FALSE
	EndGlobalSection
	GlobalSection(ExtensibilityGlobals) = postSolution
		SolutionGuid = {47FCBE8A-6749-4440-A3F4-E2C8A50D1E86}
	EndGlobalSection
EndGlobal
