
Microsoft Visual Studio Solution File, Format Version 12.00
# Visual Studio Version 17
VisualStudioVersion = 17.0.31903.59
MinimumVisualStudioVersion = 10.0.40219.1
Project("{FAE04EC0-301F-11D3-BF4B-00C04F79EFBC}") = "Client", "Client\Client.csproj", "{95ED39BC-6F8F-4CC8-ADB1-86B1220F3968}"
EndProject
Project("{FAE04EC0-301F-11D3-BF4B-00C04F79EFBC}") = "Common", "Common\Common.csproj", "{5010EDB9-3C57-4D91-A0D0-7B73FCAF1B56}"
EndProject
Project("{FAE04EC0-301F-11D3-BF4B-00C04F79EFBC}") = "Common.DataContext", "Common.DataContext\Common.DataContext.csproj", "{EDB7B9C1-255E-43E2-AB62-DD3417A422DD}"
EndProject
Project("{FAE04EC0-301F-11D3-BF4B-00C04F79EFBC}") = "Service", "Service\Service.csproj", "{04175080-45BE-4D6E-8ED5-A37205434527}"
EndProject
Project("{FAE04EC0-301F-11D3-BF4B-00C04F79EFBC}") = "Test.Client.Unit", "Test.Client.Unit\Test.Client.Unit.csproj", "{A4FAFFE8-550F-4326-8733-DA5867EBCC57}"
EndProject
Project("{FAE04EC0-301F-11D3-BF4B-00C04F79EFBC}") = "Test.Integration", "Test.Integration\Test.Integration.csproj", "{12F3F250-4E69-4A08-BFE8-CAAAD5E958FF}"
EndProject
Project("{FAE04EC0-301F-11D3-BF4B-00C04F79EFBC}") = "Test.Unit", "Test.Unit\Test.Unit.csproj", "{43711B21-60C9-4798-A9D6-726DE7D0D8AF}"
EndProject
Project("{FAE04EC0-301F-11D3-BF4B-00C04F79EFBC}") = "WebApi", "WebApi\WebApi.csproj", "{B186FA5F-6BF6-40C0-BB29-A655709B9C23}"
EndProject
Project("{FAE04EC0-301F-11D3-BF4B-00C04F79EFBC}") = "WebApiMyBgList", "WebApiMyBgList\WebApiMyBgList.csproj", "{45CD5F08-972B-4916-B0F2-4E08FA864E25}"
EndProject
Project("{FAE04EC0-301F-11D3-BF4B-00C04F79EFBC}") = "WebApiDynamodbLocal", "WebApiDynamodbLocal\WebApiDynamodbLocal.csproj", "{3E8EF4A0-F542-46C2-BF45-2C4A4195F692}"
EndProject
Project("{FAE04EC0-301F-11D3-BF4B-00C04F79EFBC}") = "Test.WebApiDynamodbLocal.Unit", "Test.WebApiDynamodbLocal.Unit\Test.WebApiDynamodbLocal.Unit.csproj", "{2E9ED18E-92AF-4B9B-A216-21E4DC505EAB}"
EndProject
Project("{FAE04EC0-301F-11D3-BF4B-00C04F79EFBC}") = "MediaLibrary.Api", "MediaLibrary\MediaLibrary.Api\MediaLibrary.Api.csproj", "{CFB89794-AC24-436A-9D16-7F3BAC67AE80}"
EndProject
Project("{FAE04EC0-301F-11D3-BF4B-00C04F79EFBC}") = "MediaLibrary.Common", "MediaLibrary\MediaLibrary.Common\MediaLibrary.Common.csproj", "{84C01C49-EE0E-458D-803C-4C1F99361590}"
EndProject
Project("{FAE04EC0-301F-11D3-BF4B-00C04F79EFBC}") = "MediaLibrary.Client", "MediaLibrary\MediaLibrary.Client\MediaLibrary.Client.csproj", "{415D7427-D1F3-4F56-B9ED-2FC50620D215}"
EndProject
Global
	GlobalSection(SolutionConfigurationPlatforms) = preSolution
		Debug|Any CPU = Debug|Any CPU
		Release|Any CPU = Release|Any CPU
	EndGlobalSection
	GlobalSection(SolutionProperties) = preSolution
		HideSolutionNode = FALSE
	EndGlobalSection
	GlobalSection(ProjectConfigurationPlatforms) = postSolution
		{95ED39BC-6F8F-4CC8-ADB1-86B1220F3968}.Debug|Any CPU.ActiveCfg = Debug|Any CPU
		{95ED39BC-6F8F-4CC8-ADB1-86B1220F3968}.Debug|Any CPU.Build.0 = Debug|Any CPU
		{95ED39BC-6F8F-4CC8-ADB1-86B1220F3968}.Release|Any CPU.ActiveCfg = Release|Any CPU
		{95ED39BC-6F8F-4CC8-ADB1-86B1220F3968}.Release|Any CPU.Build.0 = Release|Any CPU
		{5010EDB9-3C57-4D91-A0D0-7B73FCAF1B56}.Debug|Any CPU.ActiveCfg = Debug|Any CPU
		{5010EDB9-3C57-4D91-A0D0-7B73FCAF1B56}.Debug|Any CPU.Build.0 = Debug|Any CPU
		{5010EDB9-3C57-4D91-A0D0-7B73FCAF1B56}.Release|Any CPU.ActiveCfg = Release|Any CPU
		{5010EDB9-3C57-4D91-A0D0-7B73FCAF1B56}.Release|Any CPU.Build.0 = Release|Any CPU
		{EDB7B9C1-255E-43E2-AB62-DD3417A422DD}.Debug|Any CPU.ActiveCfg = Debug|Any CPU
		{EDB7B9C1-255E-43E2-AB62-DD3417A422DD}.Debug|Any CPU.Build.0 = Debug|Any CPU
		{EDB7B9C1-255E-43E2-AB62-DD3417A422DD}.Release|Any CPU.ActiveCfg = Release|Any CPU
		{EDB7B9C1-255E-43E2-AB62-DD3417A422DD}.Release|Any CPU.Build.0 = Release|Any CPU
		{04175080-45BE-4D6E-8ED5-A37205434527}.Debug|Any CPU.ActiveCfg = Debug|Any CPU
		{04175080-45BE-4D6E-8ED5-A37205434527}.Debug|Any CPU.Build.0 = Debug|Any CPU
		{04175080-45BE-4D6E-8ED5-A37205434527}.Release|Any CPU.ActiveCfg = Release|Any CPU
		{04175080-45BE-4D6E-8ED5-A37205434527}.Release|Any CPU.Build.0 = Release|Any CPU
		{A4FAFFE8-550F-4326-8733-DA5867EBCC57}.Debug|Any CPU.ActiveCfg = Debug|Any CPU
		{A4FAFFE8-550F-4326-8733-DA5867EBCC57}.Debug|Any CPU.Build.0 = Debug|Any CPU
		{A4FAFFE8-550F-4326-8733-DA5867EBCC57}.Release|Any CPU.ActiveCfg = Release|Any CPU
		{A4FAFFE8-550F-4326-8733-DA5867EBCC57}.Release|Any CPU.Build.0 = Release|Any CPU
		{12F3F250-4E69-4A08-BFE8-CAAAD5E958FF}.Debug|Any CPU.ActiveCfg = Debug|Any CPU
		{12F3F250-4E69-4A08-BFE8-CAAAD5E958FF}.Debug|Any CPU.Build.0 = Debug|Any CPU
		{12F3F250-4E69-4A08-BFE8-CAAAD5E958FF}.Release|Any CPU.ActiveCfg = Release|Any CPU
		{12F3F250-4E69-4A08-BFE8-CAAAD5E958FF}.Release|Any CPU.Build.0 = Release|Any CPU
		{43711B21-60C9-4798-A9D6-726DE7D0D8AF}.Debug|Any CPU.ActiveCfg = Debug|Any CPU
		{43711B21-60C9-4798-A9D6-726DE7D0D8AF}.Debug|Any CPU.Build.0 = Debug|Any CPU
		{43711B21-60C9-4798-A9D6-726DE7D0D8AF}.Release|Any CPU.ActiveCfg = Release|Any CPU
		{43711B21-60C9-4798-A9D6-726DE7D0D8AF}.Release|Any CPU.Build.0 = Release|Any CPU
		{B186FA5F-6BF6-40C0-BB29-A655709B9C23}.Debug|Any CPU.ActiveCfg = Debug|Any CPU
		{B186FA5F-6BF6-40C0-BB29-A655709B9C23}.Debug|Any CPU.Build.0 = Debug|Any CPU
		{B186FA5F-6BF6-40C0-BB29-A655709B9C23}.Release|Any CPU.ActiveCfg = Release|Any CPU
		{B186FA5F-6BF6-40C0-BB29-A655709B9C23}.Release|Any CPU.Build.0 = Release|Any CPU
		{45CD5F08-972B-4916-B0F2-4E08FA864E25}.Debug|Any CPU.ActiveCfg = Debug|Any CPU
		{45CD5F08-972B-4916-B0F2-4E08FA864E25}.Debug|Any CPU.Build.0 = Debug|Any CPU
		{45CD5F08-972B-4916-B0F2-4E08FA864E25}.Release|Any CPU.ActiveCfg = Release|Any CPU
		{45CD5F08-972B-4916-B0F2-4E08FA864E25}.Release|Any CPU.Build.0 = Release|Any CPU
		{3E8EF4A0-F542-46C2-BF45-2C4A4195F692}.Debug|Any CPU.ActiveCfg = Debug|Any CPU
		{3E8EF4A0-F542-46C2-BF45-2C4A4195F692}.Debug|Any CPU.Build.0 = Debug|Any CPU
		{3E8EF4A0-F542-46C2-BF45-2C4A4195F692}.Release|Any CPU.ActiveCfg = Release|Any CPU
		{3E8EF4A0-F542-46C2-BF45-2C4A4195F692}.Release|Any CPU.Build.0 = Release|Any CPU
		{2E9ED18E-92AF-4B9B-A216-21E4DC505EAB}.Debug|Any CPU.ActiveCfg = Debug|Any CPU
		{2E9ED18E-92AF-4B9B-A216-21E4DC505EAB}.Debug|Any CPU.Build.0 = Debug|Any CPU
		{2E9ED18E-92AF-4B9B-A216-21E4DC505EAB}.Release|Any CPU.ActiveCfg = Release|Any CPU
		{2E9ED18E-92AF-4B9B-A216-21E4DC505EAB}.Release|Any CPU.Build.0 = Release|Any CPU
		{CFB89794-AC24-436A-9D16-7F3BAC67AE80}.Debug|Any CPU.ActiveCfg = Debug|Any CPU
		{CFB89794-AC24-436A-9D16-7F3BAC67AE80}.Debug|Any CPU.Build.0 = Debug|Any CPU
		{CFB89794-AC24-436A-9D16-7F3BAC67AE80}.Release|Any CPU.ActiveCfg = Release|Any CPU
		{CFB89794-AC24-436A-9D16-7F3BAC67AE80}.Release|Any CPU.Build.0 = Release|Any CPU
		{84C01C49-EE0E-458D-803C-4C1F99361590}.Debug|Any CPU.ActiveCfg = Debug|Any CPU
		{84C01C49-EE0E-458D-803C-4C1F99361590}.Debug|Any CPU.Build.0 = Debug|Any CPU
		{84C01C49-EE0E-458D-803C-4C1F99361590}.Release|Any CPU.ActiveCfg = Release|Any CPU
		{84C01C49-EE0E-458D-803C-4C1F99361590}.Release|Any CPU.Build.0 = Release|Any CPU
		{415D7427-D1F3-4F56-B9ED-2FC50620D215}.Debug|Any CPU.ActiveCfg = Debug|Any CPU
		{415D7427-D1F3-4F56-B9ED-2FC50620D215}.Debug|Any CPU.Build.0 = Debug|Any CPU
		{415D7427-D1F3-4F56-B9ED-2FC50620D215}.Release|Any CPU.ActiveCfg = Release|Any CPU
		{415D7427-D1F3-4F56-B9ED-2FC50620D215}.Release|Any CPU.Build.0 = Release|Any CPU
	EndGlobalSection
EndGlobal
