
Microsoft Visual Studio Solution File, Format Version 12.00
Project("{F2A71F9B-5D33-465A-A702-920D77279786}") = "Shared", "Shared\Shared.fsproj", "{DB4A9D03-2D5A-41B8-B5F8-922DD0806A17}"
EndProject
Project("{F2A71F9B-5D33-465A-A702-920D77279786}") = "Api", "Api\Api.fsproj", "{9DF0DB51-2C70-432D-AFAC-770E13A09FB2}"
EndProject
Project("{F2A71F9B-5D33-465A-A702-920D77279786}") = "Fable", "Fable\Fable.fsproj", "{05C98CBB-5CFE-498E-8254-CCE7CD6A0B90}"
EndProject
Global
	GlobalSection(SolutionConfigurationPlatforms) = preSolution
		Debug|Any CPU = Debug|Any CPU
		Release|Any CPU = Release|Any CPU
	EndGlobalSection
	GlobalSection(ProjectConfigurationPlatforms) = postSolution
		{DB4A9D03-2D5A-41B8-B5F8-922DD0806A17}.Debug|Any CPU.ActiveCfg = Debug|Any CPU
		{DB4A9D03-2D5A-41B8-B5F8-922DD0806A17}.Debug|Any CPU.Build.0 = Debug|Any CPU
		{DB4A9D03-2D5A-41B8-B5F8-922DD0806A17}.Release|Any CPU.ActiveCfg = Release|Any CPU
		{DB4A9D03-2D5A-41B8-B5F8-922DD0806A17}.Release|Any CPU.Build.0 = Release|Any CPU
		{9DF0DB51-2C70-432D-AFAC-770E13A09FB2}.Debug|Any CPU.ActiveCfg = Debug|Any CPU
		{9DF0DB51-2C70-432D-AFAC-770E13A09FB2}.Debug|Any CPU.Build.0 = Debug|Any CPU
		{9DF0DB51-2C70-432D-AFAC-770E13A09FB2}.Release|Any CPU.ActiveCfg = Release|Any CPU
		{9DF0DB51-2C70-432D-AFAC-770E13A09FB2}.Release|Any CPU.Build.0 = Release|Any CPU
		{05C98CBB-5CFE-498E-8254-CCE7CD6A0B90}.Debug|Any CPU.ActiveCfg = Debug|Any CPU
		{05C98CBB-5CFE-498E-8254-CCE7CD6A0B90}.Debug|Any CPU.Build.0 = Debug|Any CPU
		{05C98CBB-5CFE-498E-8254-CCE7CD6A0B90}.Release|Any CPU.ActiveCfg = Release|Any CPU
		{05C98CBB-5CFE-498E-8254-CCE7CD6A0B90}.Release|Any CPU.Build.0 = Release|Any CPU
	EndGlobalSection
EndGlobal
